Microsoft Visual Studio Solution File, Format Version 12.00
# Visual Studio Version 17
VisualStudioVersion = 17.5.2.0
MinimumVisualStudioVersion = 10.0.40219.1
Project("{FAE04EC0-301F-11D3-BF4B-00C04F79EFBC}") = "RapidApi", "RapidApi.csproj", "{7C024C4F-DE51-1EE1-B8F5-0B6D43CF41AE}"
EndProject
Global
	GlobalSection(SolutionConfigurationPlatforms) = preSolution
		Debug|Any CPU = Debug|Any CPU
		Release|Any CPU = Release|Any CPU
	EndGlobalSection
	GlobalSection(ProjectConfigurationPlatforms) = postSolution
		{7C024C4F-DE51-1EE1-B8F5-0B6D43CF41AE}.Debug|Any CPU.ActiveCfg = Debug|Any CPU
		{7C024C4F-DE51-1EE1-B8F5-0B6D43CF41AE}.Debug|Any CPU.Build.0 = Debug|Any CPU
		{7C024C4F-DE51-1EE1-B8F5-0B6D43CF41AE}.Release|Any CPU.ActiveCfg = Release|Any CPU
		{7C024C4F-DE51-1EE1-B8F5-0B6D43CF41AE}.Release|Any CPU.Build.0 = Release|Any CPU
	EndGlobalSection
	GlobalSection(SolutionProperties) = preSolution
		HideSolutionNode = FALSE
	EndGlobalSection
	GlobalSection(ExtensibilityGlobals) = postSolution
		SolutionGuid = {11060F74-E0E0-4EDD-A020-2FCF31C5B847}
	EndGlobalSection
EndGlobal
